
Microsoft Visual Studio Solution File, Format Version 12.00
# Visual Studio 2013
VisualStudioVersion = 12.0.30501.0
MinimumVisualStudioVersion = 10.0.40219.1
Project("{FAE04EC0-301F-11D3-BF4B-00C04F79EFBC}") = "YetAnotherDependencyInjector", "YetAnotherDependencyInjector\YetAnotherDependencyInjector.csproj", "{9CE0B174-4A4C-47F2-A2E7-6C6B42710242}"
EndProject
Project("{FAE04EC0-301F-11D3-BF4B-00C04F79EFBC}") = "YetAnotherDependencyInjector.Tests", "YetAnotherDependencyInjector.Tests\YetAnotherDependencyInjector.Tests.csproj", "{71583F8F-EE0D-44E3-AB08-A7EE1F586184}"
EndProject
Global
	GlobalSection(SolutionConfigurationPlatforms) = preSolution
		Debug|Any CPU = Debug|Any CPU
		Release|Any CPU = Release|Any CPU
	EndGlobalSection
	GlobalSection(ProjectConfigurationPlatforms) = postSolution
		{9CE0B174-4A4C-47F2-A2E7-6C6B42710242}.Debug|Any CPU.ActiveCfg = Debug|Any CPU
		{9CE0B174-4A4C-47F2-A2E7-6C6B42710242}.Debug|Any CPU.Build.0 = Debug|Any CPU
		{9CE0B174-4A4C-47F2-A2E7-6C6B42710242}.Release|Any CPU.ActiveCfg = Release|Any CPU
		{9CE0B174-4A4C-47F2-A2E7-6C6B42710242}.Release|Any CPU.Build.0 = Release|Any CPU
		{71583F8F-EE0D-44E3-AB08-A7EE1F586184}.Debug|Any CPU.ActiveCfg = Debug|Any CPU
		{71583F8F-EE0D-44E3-AB08-A7EE1F586184}.Debug|Any CPU.Build.0 = Debug|Any CPU
		{71583F8F-EE0D-44E3-AB08-A7EE1F586184}.Release|Any CPU.ActiveCfg = Release|Any CPU
		{71583F8F-EE0D-44E3-AB08-A7EE1F586184}.Release|Any CPU.Build.0 = Release|Any CPU
	EndGlobalSection
	GlobalSection(SolutionProperties) = preSolution
		HideSolutionNode = FALSE
	EndGlobalSection
EndGlobal
